
Microsoft Visual Studio Solution File, Format Version 12.00
# Visual Studio Version 17
VisualStudioVersion = 17.11.35303.130
MinimumVisualStudioVersion = 10.0.40219.1
Project("{8BC9CEB8-8B4A-11D0-8D11-00A0C91BC942}") = "Task1-2", "Task1-2.vcxproj", "{606EE25C-45EC-4B37-851E-2DC505D50BD4}"
EndProject
Global
	GlobalSection(SolutionConfigurationPlatforms) = preSolution
		Debug|x64 = Debug|x64
		Debug|x86 = Debug|x86
		Release|x64 = Release|x64
		Release|x86 = Release|x86
	EndGlobalSection
	GlobalSection(ProjectConfigurationPlatforms) = postSolution
		{606EE25C-45EC-4B37-851E-2DC505D50BD4}.Debug|x64.ActiveCfg = Debug|x64
		{606EE25C-45EC-4B37-851E-2DC505D50BD4}.Debug|x64.Build.0 = Debug|x64
		{606EE25C-45EC-4B37-851E-2DC505D50BD4}.Debug|x86.ActiveCfg = Debug|Win32
		{606EE25C-45EC-4B37-851E-2DC505D50BD4}.Debug|x86.Build.0 = Debug|Win32
		{606EE25C-45EC-4B37-851E-2DC505D50BD4}.Release|x64.ActiveCfg = Release|x64
		{606EE25C-45EC-4B37-851E-2DC505D50BD4}.Release|x64.Build.0 = Release|x64
		{606EE25C-45EC-4B37-851E-2DC505D50BD4}.Release|x86.ActiveCfg = Release|Win32
		{606EE25C-45EC-4B37-851E-2DC505D50BD4}.Release|x86.Build.0 = Release|Win32
	EndGlobalSection
	GlobalSection(SolutionProperties) = preSolution
		HideSolutionNode = FALSE
	EndGlobalSection
	GlobalSection(ExtensibilityGlobals) = postSolution
		SolutionGuid = {651F8121-0C35-4F8B-897D-24C4821BDB48}
	EndGlobalSection
EndGlobal
